
Microsoft Visual Studio Solution File, Format Version 12.00
# Visual Studio Version 16
VisualStudioVersion = 16.0.30011.22
MinimumVisualStudioVersion = 10.0.40219.1
Project("{FAE04EC0-301F-11D3-BF4B-00C04F79EFBC}") = "HelloWord2", "HelloWord2.csproj", "{95E54624-68F3-43C3-9D47-8ACC1967F75C}"
EndProject
Global
	GlobalSection(SolutionConfigurationPlatforms) = preSolution
		Debug|Any CPU = Debug|Any CPU
		Release|Any CPU = Release|Any CPU
	EndGlobalSection
	GlobalSection(ProjectConfigurationPlatforms) = postSolution
		{95E54624-68F3-43C3-9D47-8ACC1967F75C}.Debug|Any CPU.ActiveCfg = Debug|Any CPU
		{95E54624-68F3-43C3-9D47-8ACC1967F75C}.Debug|Any CPU.Build.0 = Debug|Any CPU
		{95E54624-68F3-43C3-9D47-8ACC1967F75C}.Release|Any CPU.ActiveCfg = Release|Any CPU
		{95E54624-68F3-43C3-9D47-8ACC1967F75C}.Release|Any CPU.Build.0 = Release|Any CPU
	EndGlobalSection
	GlobalSection(SolutionProperties) = preSolution
		HideSolutionNode = FALSE
	EndGlobalSection
	GlobalSection(ExtensibilityGlobals) = postSolution
		SolutionGuid = {96D124B8-E755-4357-B17C-79EFC948F5E9}
	EndGlobalSection
EndGlobal
